
Microsoft Visual Studio Solution File, Format Version 12.00
# Visual Studio Version 17
VisualStudioVersion = 17.14.36401.2 d17.14
MinimumVisualStudioVersion = 10.0.40219.1
Project("{8BC9CEB8-8B4A-11D0-8D11-00A0C91BC942}") = "WaveformViewer", "WaveformViewer.vcxproj", "{C3EDB5E7-3E49-4DC0-B06A-1ED62FBEB19A}"
EndProject
Global
	GlobalSection(SolutionConfigurationPlatforms) = preSolution
		Debug|x64 = Debug|x64
		Debug|x86 = Debug|x86
		Release|x64 = Release|x64
		Release|x86 = Release|x86
	EndGlobalSection
	GlobalSection(ProjectConfigurationPlatforms) = postSolution
		{C3EDB5E7-3E49-4DC0-B06A-1ED62FBEB19A}.Debug|x64.ActiveCfg = Debug|x64
		{C3EDB5E7-3E49-4DC0-B06A-1ED62FBEB19A}.Debug|x64.Build.0 = Debug|x64
		{C3EDB5E7-3E49-4DC0-B06A-1ED62FBEB19A}.Debug|x86.ActiveCfg = Debug|Win32
		{C3EDB5E7-3E49-4DC0-B06A-1ED62FBEB19A}.Debug|x86.Build.0 = Debug|Win32
		{C3EDB5E7-3E49-4DC0-B06A-1ED62FBEB19A}.Release|x64.ActiveCfg = Release|x64
		{C3EDB5E7-3E49-4DC0-B06A-1ED62FBEB19A}.Release|x64.Build.0 = Release|x64
		{C3EDB5E7-3E49-4DC0-B06A-1ED62FBEB19A}.Release|x86.ActiveCfg = Release|Win32
		{C3EDB5E7-3E49-4DC0-B06A-1ED62FBEB19A}.Release|x86.Build.0 = Release|Win32
	EndGlobalSection
	GlobalSection(SolutionProperties) = preSolution
		HideSolutionNode = FALSE
	EndGlobalSection
	GlobalSection(ExtensibilityGlobals) = postSolution
		SolutionGuid = {27D96D54-F861-492E-A0BC-31535E8A8868}
	EndGlobalSection
EndGlobal
